// !$*UTF8*$!
{
	archiveVersion = 1;
	classes = {
	};
	objectVersion = 46;
	objects = {

/* Begin PBXBuildFile section */
		155B96391A09204500CB1D49 /* AppDelegate.swift in Sources */ = {isa = PBXBuildFile; fileRef = 155B96381A09204500CB1D49 /* AppDelegate.swift */; };
		155B963B1A09204500CB1D49 /* ViewController.swift in Sources */ = {isa = PBXBuildFile; fileRef = 155B963A1A09204500CB1D49 /* ViewController.swift */; };
		155B963E1A09204500CB1D49 /* Main.storyboard in Resources */ = {isa = PBXBuildFile; fileRef = 155B963C1A09204500CB1D49 /* Main.storyboard */; };
		155B96401A09204500CB1D49 /* Images.xcassets in Resources */ = {isa = PBXBuildFile; fileRef = 155B963F1A09204500CB1D49 /* Images.xcassets */; };
		155B96431A09204500CB1D49 /* LaunchScreen.xib in Resources */ = {isa = PBXBuildFile; fileRef = 155B96411A09204500CB1D49 /* LaunchScreen.xib */; };
		155B964F1A09204500CB1D49 /* WhatTheTalkTests.swift in Sources */ = {isa = PBXBuildFile; fileRef = 155B964E1A09204500CB1D49 /* WhatTheTalkTests.swift */; };
/* End PBXBuildFile section */

/* Begin PBXContainerItemProxy section */
		155B96491A09204500CB1D49 /* PBXContainerItemProxy */ = {
			isa = PBXContainerItemProxy;
			containerPortal = 155B962B1A09204500CB1D49 /* Project object */;
			proxyType = 1;
			remoteGlobalIDString = 155B96321A09204500CB1D49;
			remoteInfo = WhatTheTalk;
		};
/* End PBXContainerItemProxy section */

/* Begin PBXFileReference section */
		155B96331A09204500CB1D49 /* WhatTheTalk.app */ = {isa = PBXFileReference; explicitFileType = wrapper.application; includeInIndex = 0; path = WhatTheTalk.app; sourceTree = BUILT_PRODUCTS_DIR; };
		155B96371A09204500CB1D49 /* Info.plist */ = {isa = PBXFileReference; lastKnownFileType = text.plist.xml; path = Info.plist; sourceTree = "<group>"; };
		155B96381A09204500CB1D49 /* AppDelegate.swift */ = {isa = PBXFileReference; lastKnownFileType = sourcecode.swift; path = AppDelegate.swift; sourceTree = "<group>"; };
		155B963A1A09204500CB1D49 /* ViewController.swift */ = {isa = PBXFileReference; lastKnownFileType = sourcecode.swift; path = ViewController.swift; sourceTree = "<group>"; };
		155B963D1A09204500CB1D49 /* Base */ = {isa = PBXFileReference; lastKnownFileType = file.storyboard; name = Base; path = Base.lproj/Main.storyboard; sourceTree = "<group>"; };
		155B963F1A09204500CB1D49 /* Images.xcassets */ = {isa = PBXFileReference; lastKnownFileType = folder.assetcatalog; path = Images.xcassets; sourceTree = "<group>"; };
		155B96421A09204500CB1D49 /* Base */ = {isa = PBXFileReference; lastKnownFileType = file.xib; name = Base; path = Base.lproj/LaunchScreen.xib; sourceTree = "<group>"; };
		155B96481A09204500CB1D49 /* WhatTheTalkTests.xctest */ = {isa = PBXFileReference; explicitFileType = wrapper.cfbundle; includeInIndex = 0; path = WhatTheTalkTests.xctest; sourceTree = BUILT_PRODUCTS_DIR; };
		155B964D1A09204500CB1D49 /* Info.plist */ = {isa = PBXFileReference; lastKnownFileType = text.plist.xml; path = Info.plist; sourceTree = "<group>"; };
		155B964E1A09204500CB1D49 /* WhatTheTalkTests.swift */ = {isa = PBXFileReference; lastKnownFileType = sourcecode.swift; path = WhatTheTalkTests.swift; sourceTree = "<group>"; };
/* End PBXFileReference section */

/* Begin PBXFrameworksBuildPhase section */
		155B96301A09204500CB1D49 /* Frameworks */ = {
			isa = PBXFrameworksBuildPhase;
			buildActionMask = 2147483647;
			files = (
			);
			runOnlyForDeploymentPostprocessing = 0;
		};
		155B96451A09204500CB1D49 /* Frameworks */ = {
			isa = PBXFrameworksBuildPhase;
			buildActionMask = 2147483647;
			files = (
			);
			runOnlyForDeploymentPostprocessing = 0;
		};
/* End PBXFrameworksBuildPhase section */

/* Begin PBXGroup section */
		155B962A1A09204500CB1D49 = {
			isa = PBXGroup;
			children = (
				155B96351A09204500CB1D49 /* WhatTheTalk */,
				155B964B1A09204500CB1D49 /* WhatTheTalkTests */,
				155B96341A09204500CB1D49 /* Products */,
			);
			sourceTree = "<group>";
		};
		155B96341A09204500CB1D49 /* Products */ = {
			isa = PBXGroup;
			children = (
				155B96331A09204500CB1D49 /* WhatTheTalk.app */,
				155B96481A09204500CB1D49 /* WhatTheTalkTests.xctest */,
			);
			name = Products;
			sourceTree = "<group>";
		};
		155B96351A09204500CB1D49 /* WhatTheTalk */ = {
			isa = PBXGroup;
			children = (
				155B96381A09204500CB1D49 /* AppDelegate.swift */,
				155B963A1A09204500CB1D49 /* ViewController.swift */,
				155B963C1A09204500CB1D49 /* Main.storyboard */,
				155B963F1A09204500CB1D49 /* Images.xcassets */,
				155B96411A09204500CB1D49 /* LaunchScreen.xib */,
				155B96361A09204500CB1D49 /* Supporting Files */,
			);
			path = WhatTheTalk;
			sourceTree = "<group>";
		};
		155B96361A09204500CB1D49 /* Supporting Files */ = {
			isa = PBXGroup;
			children = (
				155B96371A09204500CB1D49 /* Info.plist */,
			);
			name = "Supporting Files";
			sourceTree = "<group>";
		};
		155B964B1A09204500CB1D49 /* WhatTheTalkTests */ = {
			isa = PBXGroup;
			children = (
				155B964E1A09204500CB1D49 /* WhatTheTalkTests.swift */,
				155B964C1A09204500CB1D49 /* Supporting Files */,
			);
			path = WhatTheTalkTests;
			sourceTree = "<group>";
		};
		155B964C1A09204500CB1D49 /* Supporting Files */ = {
			isa = PBXGroup;
			children = (
				155B964D1A09204500CB1D49 /* Info.plist */,
			);
			name = "Supporting Files";
			sourceTree = "<group>";
		};
/* End PBXGroup section */

/* Begin PBXNativeTarget section */
		155B96321A09204500CB1D49 /* WhatTheTalk */ = {
			isa = PBXNativeTarget;
			buildConfigurationList = 155B96521A09204500CB1D49 /* Build configuration list for PBXNativeTarget "WhatTheTalk" */;
			buildPhases = (
				155B962F1A09204500CB1D49 /* Sources */,
				155B96301A09204500CB1D49 /* Frameworks */,
				155B96311A09204500CB1D49 /* Resources */,
			);
			buildRules = (
			);
			dependencies = (
			);
			name = WhatTheTalk;
			productName = WhatTheTalk;
			productReference = 155B96331A09204500CB1D49 /* WhatTheTalk.app */;
			productType = "com.apple.product-type.application";
		};
		155B96471A09204500CB1D49 /* WhatTheTalkTests */ = {
			isa = PBXNativeTarget;
			buildConfigurationList = 155B96551A09204500CB1D49 /* Build configuration list for PBXNativeTarget "WhatTheTalkTests" */;
			buildPhases = (
				155B96441A09204500CB1D49 /* Sources */,
				155B96451A09204500CB1D49 /* Frameworks */,
				155B96461A09204500CB1D49 /* Resources */,
			);
			buildRules = (
			);
			dependencies = (
				155B964A1A09204500CB1D49 /* PBXTargetDependency */,
			);
			name = WhatTheTalkTests;
			productName = WhatTheTalkTests;
			productReference = 155B96481A09204500CB1D49 /* WhatTheTalkTests.xctest */;
			productType = "com.apple.product-type.bundle.unit-test";
		};
/* End PBXNativeTarget section */

/* Begin PBXProject section */
		155B962B1A09204500CB1D49 /* Project object */ = {
			isa = PBXProject;
			attributes = {
				LastUpgradeCheck = 0610;
				ORGANIZATIONNAME = "Louis Tsai";
				TargetAttributes = {
					155B96321A09204500CB1D49 = {
						CreatedOnToolsVersion = 6.1;
					};
					155B96471A09204500CB1D49 = {
						CreatedOnToolsVersion = 6.1;
						TestTargetID = 155B96321A09204500CB1D49;
					};
				};
			};
			buildConfigurationList = 155B962E1A09204500CB1D49 /* Build configuration list for PBXProject "WhatTheTalk" */;
			compatibilityVersion = "Xcode 3.2";
			developmentRegion = English;
			hasScannedForEncodings = 0;
			knownRegions = (
				en,
				Base,
			);
			mainGroup = 155B962A1A09204500CB1D49;
			productRefGroup = 155B96341A09204500CB1D49 /* Products */;
			projectDirPath = "";
			projectRoot = "";
			targets = (
				155B96321A09204500CB1D49 /* WhatTheTalk */,
				155B96471A09204500CB1D49 /* WhatTheTalkTests */,
			);
		};
/* End PBXProject section */

/* Begin PBXResourcesBuildPhase section */
		155B96311A09204500CB1D49 /* Resources */ = {
			isa = PBXResourcesBuildPhase;
			buildActionMask = 2147483647;
			files = (
				155B963E1A09204500CB1D49 /* Main.storyboard in Resources */,
				155B96431A09204500CB1D49 /* LaunchScreen.xib in Resources */,
				155B96401A09204500CB1D49 /* Images.xcassets in Resources */,
			);
			runOnlyForDeploymentPostprocessing = 0;
		};
		155B96461A09204500CB1D49 /* Resources */ = {
			isa = PBXResourcesBuildPhase;
			buildActionMask = 2147483647;
			files = (
			);
			runOnlyForDeploymentPostprocessing = 0;
		};
/* End PBXResourcesBuildPhase section */

/* Begin PBXSourcesBuildPhase section */
		155B962F1A09204500CB1D49 /* Sources */ = {
			isa = PBXSourcesBuildPhase;
			buildActionMask = 2147483647;
			files = (
				155B963B1A09204500CB1D49 /* ViewController.swift in Sources */,
				155B96391A09204500CB1D49 /* AppDelegate.swift in Sources */,
			);
			runOnlyForDeploymentPostprocessing = 0;
		};
		155B96441A09204500CB1D49 /* Sources */ = {
			isa = PBXSourcesBuildPhase;
			buildActionMask = 2147483647;
			files = (
				155B964F1A09204500CB1D49 /* WhatTheTalkTests.swift in Sources */,
			);
			runOnlyForDeploymentPostprocessing = 0;
		};
/* End PBXSourcesBuildPhase section */

/* Begin PBXTargetDependency section */
		155B964A1A09204500CB1D49 /* PBXTargetDependency */ = {
			isa = PBXTargetDependency;
			target = 155B96321A09204500CB1D49 /* WhatTheTalk */;
			targetProxy = 155B96491A09204500CB1D49 /* PBXContainerItemProxy */;
		};
/* End PBXTargetDependency section */

/* Begin PBXVariantGroup section */
		155B963C1A09204500CB1D49 /* Main.storyboard */ = {
			isa = PBXVariantGroup;
			children = (
				155B963D1A09204500CB1D49 /* Base */,
			);
			name = Main.storyboard;
			sourceTree = "<group>";
		};
		155B96411A09204500CB1D49 /* LaunchScreen.xib */ = {
			isa = PBXVariantGroup;
			children = (
				155B96421A09204500CB1D49 /* Base */,
			);
			name = LaunchScreen.xib;
			sourceTree = "<group>";
		};
/* End PBXVariantGroup section */

/* Begin XCBuildConfiguration section */
		155B96501A09204500CB1D49 /* Debug */ = {
			isa = XCBuildConfiguration;
			buildSettings = {
				ALWAYS_SEARCH_USER_PATHS = NO;
				CLANG_CXX_LANGUAGE_STANDARD = "gnu++0x";
				CLANG_CXX_LIBRARY = "libc++";
				CLANG_ENABLE_MODULES = YES;
				CLANG_ENABLE_OBJC_ARC = YES;
				CLANG_WARN_BOOL_CONVERSION = YES;
				CLANG_WARN_CONSTANT_CONVERSION = YES;
				CLANG_WARN_DIRECT_OBJC_ISA_USAGE = YES_ERROR;
				CLANG_WARN_EMPTY_BODY = YES;
				CLANG_WARN_ENUM_CONVERSION = YES;
				CLANG_WARN_INT_CONVERSION = YES;
				CLANG_WARN_OBJC_ROOT_CLASS = YES_ERROR;
				CLANG_WARN_UNREACHABLE_CODE = YES;
				CLANG_WARN__DUPLICATE_METHOD_MATCH = YES;
				"CODE_SIGN_IDENTITY[sdk=iphoneos*]" = "iPhone Developer";
				COPY_PHASE_STRIP = NO;
				ENABLE_STRICT_OBJC_MSGSEND = YES;
				GCC_C_LANGUAGE_STANDARD = gnu99;
				GCC_DYNAMIC_NO_PIC = NO;
				GCC_OPTIMIZATION_LEVEL = 0;
				GCC_PREPROCESSOR_DEFINITIONS = (
					"DEBUG=1",
					"$(inherited)",
				);
				GCC_SYMBOLS_PRIVATE_EXTERN = NO;
				GCC_WARN_64_TO_32_BIT_CONVERSION = YES;
				GCC_WARN_ABOUT_RETURN_TYPE = YES_ERROR;
				GCC_WARN_UNDECLARED_SELECTOR = YES;
				GCC_WARN_UNINITIALIZED_AUTOS = YES_AGGRESSIVE;
				GCC_WARN_UNUSED_FUNCTION = YES;
				GCC_WARN_UNUSED_VARIABLE = YES;
				IPHONEOS_DEPLOYMENT_TARGET = 8.1;
				MTL_ENABLE_DEBUG_INFO = YES;
				ONLY_ACTIVE_ARCH = YES;
				SDKROOT = iphoneos;
				SWIFT_OPTIMIZATION_LEVEL = "-Onone";
			};
			name = Debug;
		};
		155B96511A09204500CB1D49 /* Release */ = {
			isa = XCBuildConfiguration;
			buildSettings = {
				ALWAYS_SEARCH_USER_PATHS = NO;
				CLANG_CXX_LANGUAGE_STANDARD = "gnu++0x";
				CLANG_CXX_LIBRARY = "libc++";
				CLANG_ENABLE_MODULES = YES;
				CLANG_ENABLE_OBJC_ARC = YES;
				CLANG_WARN_BOOL_CONVERSION = YES;
				CLANG_WARN_CONSTANT_CONVERSION = YES;
				CLANG_WARN_DIRECT_OBJC_ISA_USAGE = YES_ERROR;
				CLANG_WARN_EMPTY_BODY = YES;
				CLANG_WARN_ENUM_CONVERSION = YES;
				CLANG_WARN_INT_CONVERSION = YES;
				CLANG_WARN_OBJC_ROOT_CLASS = YES_ERROR;
				CLANG_WARN_UNREACHABLE_CODE = YES;
				CLANG_WARN__DUPLICATE_METHOD_MATCH = YES;
				"CODE_SIGN_IDENTITY[sdk=iphoneos*]" = "iPhone Developer";
				COPY_PHASE_STRIP = YES;
				ENABLE_NS_ASSERTIONS = NO;
				ENABLE_STRICT_OBJC_MSGSEND = YES;
				GCC_C_LANGUAGE_STANDARD = gnu99;
				GCC_WARN_64_TO_32_BIT_CONVERSION = YES;
				GCC_WARN_ABOUT_RETURN_TYPE = YES_ERROR;
				GCC_WARN_UNDECLARED_SELECTOR = YES;
				GCC_WARN_UNINITIALIZED_AUTOS = YES_AGGRESSIVE;
				GCC_WARN_UNUSED_FUNCTION = YES;
				GCC_WARN_UNUSED_VARIABLE = YES;
				IPHONEOS_DEPLOYMENT_TARGET = 8.1;
				MTL_ENABLE_DEBUG_INFO = NO;
				SDKROOT = iphoneos;
				VALIDATE_PRODUCT = YES;
			};
			name = Release;
		};
		155B96531A09204500CB1D49 /* Debug */ = {
			isa = XCBuildConfiguration;
			buildSettings = {
				ASSETCATALOG_COMPILER_APPICON_NAME = AppIcon;
				INFOPLIST_FILE = WhatTheTalk/Info.plist;
				LD_RUNPATH_SEARCH_PATHS = "$(inherited) @executable_path/Frameworks";
				PRODUCT_NAME = "$(TARGET_NAME)";
			};
			name = Debug;
		};
		155B96541A09204500CB1D49 /* Release */ = {
			isa = XCBuildConfiguration;
			buildSettings = {
				ASSETCATALOG_COMPILER_APPICON_NAME = AppIcon;
				INFOPLIST_FILE = WhatTheTalk/Info.plist;
				LD_RUNPATH_SEARCH_PATHS = "$(inherited) @executable_path/Frameworks";
				PRODUCT_NAME = "$(TARGET_NAME)";
			};
			name = Release;
		};
		155B96561A09204500CB1D49 /* Debug */ = {
			isa = XCBuildConfiguration;
			buildSettings = {
				BUNDLE_LOADER = "$(TEST_HOST)";
				FRAMEWORK_SEARCH_PATHS = (
					"$(SDKROOT)/Developer/Library/Frameworks",
					"$(inherited)",
				);
				GCC_PREPROCESSOR_DEFINITIONS = (
					"DEBUG=1",
					"$(inherited)",
				);
				INFOPLIST_FILE = WhatTheTalkTests/Info.plist;
				LD_RUNPATH_SEARCH_PATHS = "$(inherited) @executable_path/Frameworks @loader_path/Frameworks";
				PRODUCT_NAME = "$(TARGET_NAME)";
				TEST_HOST = "$(BUILT_PRODUCTS_DIR)/WhatTheTalk.app/WhatTheTalk";
			};
			name = Debug;
		};
		155B96571A09204500CB1D49 /* Release */ = {
			isa = XCBuildConfiguration;
			buildSettings = {
				BUNDLE_LOADER = "$(TEST_HOST)";
				FRAMEWORK_SEARCH_PATHS = (
					"$(SDKROOT)/Developer/Library/Frameworks",
					"$(inherited)",
				);
				INFOPLIST_FILE = WhatTheTalkTests/Info.plist;
				LD_RUNPATH_SEARCH_PATHS = "$(inherited) @executable_path/Frameworks @loader_path/Frameworks";
				PRODUCT_NAME = "$(TARGET_NAME)";
				TEST_HOST = "$(BUILT_PRODUCTS_DIR)/WhatTheTalk.app/WhatTheTalk";
			};
			name = Release;
		};
/* End XCBuildConfiguration section */

/* Begin XCConfigurationList section */
		155B962E1A09204500CB1D49 /* Build configuration list for PBXProject "WhatTheTalk" */ = {
			isa = XCConfigurationList;
			buildConfigurations = (
				155B96501A09204500CB1D49 /* Debug */,
				155B96511A09204500CB1D49 /* Release */,
			);
			defaultConfigurationIsVisible = 0;
			defaultConfigurationName = Release;
		};
		155B96521A09204500CB1D49 /* Build configuration list for PBXNativeTarget "WhatTheTalk" */ = {
			isa = XCConfigurationList;
			buildConfigurations = (
				155B96531A09204500CB1D49 /* Debug */,
				155B96541A09204500CB1D49 /* Release */,
			);
			defaultConfigurationIsVisible = 0;
		};
		155B96551A09204500CB1D49 /* Build configuration list for PBXNativeTarget "WhatTheTalkTests" */ = {
			isa = XCConfigurationList;
			buildConfigurations = (
				155B96561A09204500CB1D49 /* Debug */,
				155B96571A09204500CB1D49 /* Release */,
			);
			defaultConfigurationIsVisible = 0;
		};
/* End XCConfigurationList section */
	};
	rootObject = 155B962B1A09204500CB1D49 /* Project object */;
}
